// !$*UTF8*$!
{
	archiveVersion = 1;
	classes = {
	};
	objectVersion = 46;
	objects = {

/* Begin PBXBuildFile section */
		62FDF67B1C0FAD4C003A1050 /* AppDelegate.swift in Sources */ = {isa = PBXBuildFile; fileRef = 62FDF67A1C0FAD4C003A1050 /* AppDelegate.swift */; };
		62FDF67D1C0FAD4C003A1050 /* ViewController.swift in Sources */ = {isa = PBXBuildFile; fileRef = 62FDF67C1C0FAD4C003A1050 /* ViewController.swift */; };
		62FDF6801C0FAD4C003A1050 /* Main.storyboard in Resources */ = {isa = PBXBuildFile; fileRef = 62FDF67E1C0FAD4C003A1050 /* Main.storyboard */; };
		62FDF6831C0FAD4C003A1050 /* traits.xcdatamodeld in Sources */ = {isa = PBXBuildFile; fileRef = 62FDF6811C0FAD4C003A1050 /* traits.xcdatamodeld */; };
		62FDF6851C0FAD4C003A1050 /* Assets.xcassets in Resources */ = {isa = PBXBuildFile; fileRef = 62FDF6841C0FAD4C003A1050 /* Assets.xcassets */; };
		62FDF6881C0FAD4C003A1050 /* LaunchScreen.storyboard in Resources */ = {isa = PBXBuildFile; fileRef = 62FDF6861C0FAD4C003A1050 /* LaunchScreen.storyboard */; };
		62FDF6931C0FAD4D003A1050 /* traitsTests.swift in Sources */ = {isa = PBXBuildFile; fileRef = 62FDF6921C0FAD4D003A1050 /* traitsTests.swift */; };
		62FDF69E1C0FAD4D003A1050 /* traitsUITests.swift in Sources */ = {isa = PBXBuildFile; fileRef = 62FDF69D1C0FAD4D003A1050 /* traitsUITests.swift */; };
/* End PBXBuildFile section */

/* Begin PBXContainerItemProxy section */
		62FDF68F1C0FAD4D003A1050 /* PBXContainerItemProxy */ = {
			isa = PBXContainerItemProxy;
			containerPortal = 62FDF66F1C0FAD4C003A1050 /* Project object */;
			proxyType = 1;
			remoteGlobalIDString = 62FDF6761C0FAD4C003A1050;
			remoteInfo = traits;
		};
		62FDF69A1C0FAD4D003A1050 /* PBXContainerItemProxy */ = {
			isa = PBXContainerItemProxy;
			containerPortal = 62FDF66F1C0FAD4C003A1050 /* Project object */;
			proxyType = 1;
			remoteGlobalIDString = 62FDF6761C0FAD4C003A1050;
			remoteInfo = traits;
		};
/* End PBXContainerItemProxy section */

/* Begin PBXFileReference section */
		62FDF6771C0FAD4C003A1050 /* traits.app */ = {isa = PBXFileReference; explicitFileType = wrapper.application; includeInIndex = 0; path = traits.app; sourceTree = BUILT_PRODUCTS_DIR; };
		62FDF67A1C0FAD4C003A1050 /* AppDelegate.swift */ = {isa = PBXFileReference; lastKnownFileType = sourcecode.swift; path = AppDelegate.swift; sourceTree = "<group>"; };
		62FDF67C1C0FAD4C003A1050 /* ViewController.swift */ = {isa = PBXFileReference; lastKnownFileType = sourcecode.swift; path = ViewController.swift; sourceTree = "<group>"; };
		62FDF67F1C0FAD4C003A1050 /* Base */ = {isa = PBXFileReference; lastKnownFileType = file.storyboard; name = Base; path = Base.lproj/Main.storyboard; sourceTree = "<group>"; };
		62FDF6821C0FAD4C003A1050 /* traits.xcdatamodel */ = {isa = PBXFileReference; lastKnownFileType = wrapper.xcdatamodel; path = traits.xcdatamodel; sourceTree = "<group>"; };
		62FDF6841C0FAD4C003A1050 /* Assets.xcassets */ = {isa = PBXFileReference; lastKnownFileType = folder.assetcatalog; path = Assets.xcassets; sourceTree = "<group>"; };
		62FDF6871C0FAD4C003A1050 /* Base */ = {isa = PBXFileReference; lastKnownFileType = file.storyboard; name = Base; path = Base.lproj/LaunchScreen.storyboard; sourceTree = "<group>"; };
		62FDF6891C0FAD4C003A1050 /* Info.plist */ = {isa = PBXFileReference; lastKnownFileType = text.plist.xml; path = Info.plist; sourceTree = "<group>"; };
		62FDF68E1C0FAD4D003A1050 /* traitsTests.xctest */ = {isa = PBXFileReference; explicitFileType = wrapper.cfbundle; includeInIndex = 0; path = traitsTests.xctest; sourceTree = BUILT_PRODUCTS_DIR; };
		62FDF6921C0FAD4D003A1050 /* traitsTests.swift */ = {isa = PBXFileReference; lastKnownFileType = sourcecode.swift; path = traitsTests.swift; sourceTree = "<group>"; };
		62FDF6941C0FAD4D003A1050 /* Info.plist */ = {isa = PBXFileReference; lastKnownFileType = text.plist.xml; path = Info.plist; sourceTree = "<group>"; };
		62FDF6991C0FAD4D003A1050 /* traitsUITests.xctest */ = {isa = PBXFileReference; explicitFileType = wrapper.cfbundle; includeInIndex = 0; path = traitsUITests.xctest; sourceTree = BUILT_PRODUCTS_DIR; };
		62FDF69D1C0FAD4D003A1050 /* traitsUITests.swift */ = {isa = PBXFileReference; lastKnownFileType = sourcecode.swift; path = traitsUITests.swift; sourceTree = "<group>"; };
		62FDF69F1C0FAD4D003A1050 /* Info.plist */ = {isa = PBXFileReference; lastKnownFileType = text.plist.xml; path = Info.plist; sourceTree = "<group>"; };
/* End PBXFileReference section */

/* Begin PBXFrameworksBuildPhase section */
		62FDF6741C0FAD4C003A1050 /* Frameworks */ = {
			isa = PBXFrameworksBuildPhase;
			buildActionMask = 2147483647;
			files = (
			);
			runOnlyForDeploymentPostprocessing = 0;
		};
		62FDF68B1C0FAD4D003A1050 /* Frameworks */ = {
			isa = PBXFrameworksBuildPhase;
			buildActionMask = 2147483647;
			files = (
			);
			runOnlyForDeploymentPostprocessing = 0;
		};
		62FDF6961C0FAD4D003A1050 /* Frameworks */ = {
			isa = PBXFrameworksBuildPhase;
			buildActionMask = 2147483647;
			files = (
			);
			runOnlyForDeploymentPostprocessing = 0;
		};
/* End PBXFrameworksBuildPhase section */

/* Begin PBXGroup section */
		62FDF66E1C0FAD4C003A1050 = {
			isa = PBXGroup;
			children = (
				62FDF6791C0FAD4C003A1050 /* traits */,
				62FDF6911C0FAD4D003A1050 /* traitsTests */,
				62FDF69C1C0FAD4D003A1050 /* traitsUITests */,
				62FDF6781C0FAD4C003A1050 /* Products */,
			);
			sourceTree = "<group>";
		};
		62FDF6781C0FAD4C003A1050 /* Products */ = {
			isa = PBXGroup;
			children = (
				62FDF6771C0FAD4C003A1050 /* traits.app */,
				62FDF68E1C0FAD4D003A1050 /* traitsTests.xctest */,
				62FDF6991C0FAD4D003A1050 /* traitsUITests.xctest */,
			);
			name = Products;
			sourceTree = "<group>";
		};
		62FDF6791C0FAD4C003A1050 /* traits */ = {
			isa = PBXGroup;
			children = (
				62FDF67A1C0FAD4C003A1050 /* AppDelegate.swift */,
				62FDF67C1C0FAD4C003A1050 /* ViewController.swift */,
				62FDF67E1C0FAD4C003A1050 /* Main.storyboard */,
				62FDF6841C0FAD4C003A1050 /* Assets.xcassets */,
				62FDF6861C0FAD4C003A1050 /* LaunchScreen.storyboard */,
				62FDF6891C0FAD4C003A1050 /* Info.plist */,
				62FDF6811C0FAD4C003A1050 /* traits.xcdatamodeld */,
			);
			path = traits;
			sourceTree = "<group>";
		};
		62FDF6911C0FAD4D003A1050 /* traitsTests */ = {
			isa = PBXGroup;
			children = (
				62FDF6921C0FAD4D003A1050 /* traitsTests.swift */,
				62FDF6941C0FAD4D003A1050 /* Info.plist */,
			);
			path = traitsTests;
			sourceTree = "<group>";
		};
		62FDF69C1C0FAD4D003A1050 /* traitsUITests */ = {
			isa = PBXGroup;
			children = (
				62FDF69D1C0FAD4D003A1050 /* traitsUITests.swift */,
				62FDF69F1C0FAD4D003A1050 /* Info.plist */,
			);
			path = traitsUITests;
			sourceTree = "<group>";
		};
/* End PBXGroup section */

/* Begin PBXNativeTarget section */
		62FDF6761C0FAD4C003A1050 /* traits */ = {
			isa = PBXNativeTarget;
			buildConfigurationList = 62FDF6A21C0FAD4D003A1050 /* Build configuration list for PBXNativeTarget "traits" */;
			buildPhases = (
				62FDF6731C0FAD4C003A1050 /* Sources */,
				62FDF6741C0FAD4C003A1050 /* Frameworks */,
				62FDF6751C0FAD4C003A1050 /* Resources */,
			);
			buildRules = (
			);
			dependencies = (
			);
			name = traits;
			productName = traits;
			productReference = 62FDF6771C0FAD4C003A1050 /* traits.app */;
			productType = "com.apple.product-type.application";
		};
		62FDF68D1C0FAD4D003A1050 /* traitsTests */ = {
			isa = PBXNativeTarget;
			buildConfigurationList = 62FDF6A51C0FAD4D003A1050 /* Build configuration list for PBXNativeTarget "traitsTests" */;
			buildPhases = (
				62FDF68A1C0FAD4D003A1050 /* Sources */,
				62FDF68B1C0FAD4D003A1050 /* Frameworks */,
				62FDF68C1C0FAD4D003A1050 /* Resources */,
			);
			buildRules = (
			);
			dependencies = (
				62FDF6901C0FAD4D003A1050 /* PBXTargetDependency */,
			);
			name = traitsTests;
			productName = traitsTests;
			productReference = 62FDF68E1C0FAD4D003A1050 /* traitsTests.xctest */;
			productType = "com.apple.product-type.bundle.unit-test";
		};
		62FDF6981C0FAD4D003A1050 /* traitsUITests */ = {
			isa = PBXNativeTarget;
			buildConfigurationList = 62FDF6A81C0FAD4D003A1050 /* Build configuration list for PBXNativeTarget "traitsUITests" */;
			buildPhases = (
				62FDF6951C0FAD4D003A1050 /* Sources */,
				62FDF6961C0FAD4D003A1050 /* Frameworks */,
				62FDF6971C0FAD4D003A1050 /* Resources */,
			);
			buildRules = (
			);
			dependencies = (
				62FDF69B1C0FAD4D003A1050 /* PBXTargetDependency */,
			);
			name = traitsUITests;
			productName = traitsUITests;
			productReference = 62FDF6991C0FAD4D003A1050 /* traitsUITests.xctest */;
			productType = "com.apple.product-type.bundle.ui-testing";
		};
/* End PBXNativeTarget section */

/* Begin PBXProject section */
		62FDF66F1C0FAD4C003A1050 /* Project object */ = {
			isa = PBXProject;
			attributes = {
				LastSwiftUpdateCheck = 0720;
				LastUpgradeCheck = 0720;
				ORGANIZATIONNAME = "Bone Jarring Games and Software";
				TargetAttributes = {
					62FDF6761C0FAD4C003A1050 = {
						CreatedOnToolsVersion = 7.2;
					};
					62FDF68D1C0FAD4D003A1050 = {
						CreatedOnToolsVersion = 7.2;
						TestTargetID = 62FDF6761C0FAD4C003A1050;
					};
					62FDF6981C0FAD4D003A1050 = {
						CreatedOnToolsVersion = 7.2;
						TestTargetID = 62FDF6761C0FAD4C003A1050;
					};
				};
			};
			buildConfigurationList = 62FDF6721C0FAD4C003A1050 /* Build configuration list for PBXProject "traits" */;
			compatibilityVersion = "Xcode 3.2";
			developmentRegion = English;
			hasScannedForEncodings = 0;
			knownRegions = (
				en,
				Base,
			);
			mainGroup = 62FDF66E1C0FAD4C003A1050;
			productRefGroup = 62FDF6781C0FAD4C003A1050 /* Products */;
			projectDirPath = "";
			projectRoot = "";
			targets = (
				62FDF6761C0FAD4C003A1050 /* traits */,
				62FDF68D1C0FAD4D003A1050 /* traitsTests */,
				62FDF6981C0FAD4D003A1050 /* traitsUITests */,
			);
		};
/* End PBXProject section */

/* Begin PBXResourcesBuildPhase section */
		62FDF6751C0FAD4C003A1050 /* Resources */ = {
			isa = PBXResourcesBuildPhase;
			buildActionMask = 2147483647;
			files = (
				62FDF6881C0FAD4C003A1050 /* LaunchScreen.storyboard in Resources */,
				62FDF6851C0FAD4C003A1050 /* Assets.xcassets in Resources */,
				62FDF6801C0FAD4C003A1050 /* Main.storyboard in Resources */,
			);
			runOnlyForDeploymentPostprocessing = 0;
		};
		62FDF68C1C0FAD4D003A1050 /* Resources */ = {
			isa = PBXResourcesBuildPhase;
			buildActionMask = 2147483647;
			files = (
			);
			runOnlyForDeploymentPostprocessing = 0;
		};
		62FDF6971C0FAD4D003A1050 /* Resources */ = {
			isa = PBXResourcesBuildPhase;
			buildActionMask = 2147483647;
			files = (
			);
			runOnlyForDeploymentPostprocessing = 0;
		};
/* End PBXResourcesBuildPhase section */

/* Begin PBXSourcesBuildPhase section */
		62FDF6731C0FAD4C003A1050 /* Sources */ = {
			isa = PBXSourcesBuildPhase;
			buildActionMask = 2147483647;
			files = (
				62FDF6831C0FAD4C003A1050 /* traits.xcdatamodeld in Sources */,
				62FDF67D1C0FAD4C003A1050 /* ViewController.swift in Sources */,
				62FDF67B1C0FAD4C003A1050 /* AppDelegate.swift in Sources */,
			);
			runOnlyForDeploymentPostprocessing = 0;
		};
		62FDF68A1C0FAD4D003A1050 /* Sources */ = {
			isa = PBXSourcesBuildPhase;
			buildActionMask = 2147483647;
			files = (
				62FDF6931C0FAD4D003A1050 /* traitsTests.swift in Sources */,
			);
			runOnlyForDeploymentPostprocessing = 0;
		};
		62FDF6951C0FAD4D003A1050 /* Sources */ = {
			isa = PBXSourcesBuildPhase;
			buildActionMask = 2147483647;
			files = (
				62FDF69E1C0FAD4D003A1050 /* traitsUITests.swift in Sources */,
			);
			runOnlyForDeploymentPostprocessing = 0;
		};
/* End PBXSourcesBuildPhase section */

/* Begin PBXTargetDependency section */
		62FDF6901C0FAD4D003A1050 /* PBXTargetDependency */ = {
			isa = PBXTargetDependency;
			target = 62FDF6761C0FAD4C003A1050 /* traits */;
			targetProxy = 62FDF68F1C0FAD4D003A1050 /* PBXContainerItemProxy */;
		};
		62FDF69B1C0FAD4D003A1050 /* PBXTargetDependency */ = {
			isa = PBXTargetDependency;
			target = 62FDF6761C0FAD4C003A1050 /* traits */;
			targetProxy = 62FDF69A1C0FAD4D003A1050 /* PBXContainerItemProxy */;
		};
/* End PBXTargetDependency section */

/* Begin PBXVariantGroup section */
		62FDF67E1C0FAD4C003A1050 /* Main.storyboard */ = {
			isa = PBXVariantGroup;
			children = (
				62FDF67F1C0FAD4C003A1050 /* Base */,
			);
			name = Main.storyboard;
			sourceTree = "<group>";
		};
		62FDF6861C0FAD4C003A1050 /* LaunchScreen.storyboard */ = {
			isa = PBXVariantGroup;
			children = (
				62FDF6871C0FAD4C003A1050 /* Base */,
			);
			name = LaunchScreen.storyboard;
			sourceTree = "<group>";
		};
/* End PBXVariantGroup section */

/* Begin XCBuildConfiguration section */
		62FDF6A01C0FAD4D003A1050 /* Debug */ = {
			isa = XCBuildConfiguration;
			buildSettings = {
				ALWAYS_SEARCH_USER_PATHS = NO;
				CLANG_CXX_LANGUAGE_STANDARD = "gnu++0x";
				CLANG_CXX_LIBRARY = "libc++";
				CLANG_ENABLE_MODULES = YES;
				CLANG_ENABLE_OBJC_ARC = YES;
				CLANG_WARN_BOOL_CONVERSION = YES;
				CLANG_WARN_CONSTANT_CONVERSION = YES;
				CLANG_WARN_DIRECT_OBJC_ISA_USAGE = YES_ERROR;
				CLANG_WARN_EMPTY_BODY = YES;
				CLANG_WARN_ENUM_CONVERSION = YES;
				CLANG_WARN_INT_CONVERSION = YES;
				CLANG_WARN_OBJC_ROOT_CLASS = YES_ERROR;
				CLANG_WARN_UNREACHABLE_CODE = YES;
				CLANG_WARN__DUPLICATE_METHOD_MATCH = YES;
				"CODE_SIGN_IDENTITY[sdk=iphoneos*]" = "iPhone Developer";
				COPY_PHASE_STRIP = NO;
				DEBUG_INFORMATION_FORMAT = dwarf;
				ENABLE_STRICT_OBJC_MSGSEND = YES;
				ENABLE_TESTABILITY = YES;
				GCC_C_LANGUAGE_STANDARD = gnu99;
				GCC_DYNAMIC_NO_PIC = NO;
				GCC_NO_COMMON_BLOCKS = YES;
				GCC_OPTIMIZATION_LEVEL = 0;
				GCC_PREPROCESSOR_DEFINITIONS = (
					"DEBUG=1",
					"$(inherited)",
				);
				GCC_WARN_64_TO_32_BIT_CONVERSION = YES;
				GCC_WARN_ABOUT_RETURN_TYPE = YES_ERROR;
				GCC_WARN_UNDECLARED_SELECTOR = YES;
				GCC_WARN_UNINITIALIZED_AUTOS = YES_AGGRESSIVE;
				GCC_WARN_UNUSED_FUNCTION = YES;
				GCC_WARN_UNUSED_VARIABLE = YES;
				IPHONEOS_DEPLOYMENT_TARGET = 9.2;
				MTL_ENABLE_DEBUG_INFO = YES;
				ONLY_ACTIVE_ARCH = YES;
				SDKROOT = iphoneos;
				SWIFT_OPTIMIZATION_LEVEL = "-Onone";
				TARGETED_DEVICE_FAMILY = "1,2";
			};
			name = Debug;
		};
		62FDF6A11C0FAD4D003A1050 /* Release */ = {
			isa = XCBuildConfiguration;
			buildSettings = {
				ALWAYS_SEARCH_USER_PATHS = NO;
				CLANG_CXX_LANGUAGE_STANDARD = "gnu++0x";
				CLANG_CXX_LIBRARY = "libc++";
				CLANG_ENABLE_MODULES = YES;
				CLANG_ENABLE_OBJC_ARC = YES;
				CLANG_WARN_BOOL_CONVERSION = YES;
				CLANG_WARN_CONSTANT_CONVERSION = YES;
				CLANG_WARN_DIRECT_OBJC_ISA_USAGE = YES_ERROR;
				CLANG_WARN_EMPTY_BODY = YES;
				CLANG_WARN_ENUM_CONVERSION = YES;
				CLANG_WARN_INT_CONVERSION = YES;
				CLANG_WARN_OBJC_ROOT_CLASS = YES_ERROR;
				CLANG_WARN_UNREACHABLE_CODE = YES;
				CLANG_WARN__DUPLICATE_METHOD_MATCH = YES;
				"CODE_SIGN_IDENTITY[sdk=iphoneos*]" = "iPhone Developer";
				COPY_PHASE_STRIP = NO;
				DEBUG_INFORMATION_FORMAT = "dwarf-with-dsym";
				ENABLE_NS_ASSERTIONS = NO;
				ENABLE_STRICT_OBJC_MSGSEND = YES;
				GCC_C_LANGUAGE_STANDARD = gnu99;
				GCC_NO_COMMON_BLOCKS = YES;
				GCC_WARN_64_TO_32_BIT_CONVERSION = YES;
				GCC_WARN_ABOUT_RETURN_TYPE = YES_ERROR;
				GCC_WARN_UNDECLARED_SELECTOR = YES;
				GCC_WARN_UNINITIALIZED_AUTOS = YES_AGGRESSIVE;
				GCC_WARN_UNUSED_FUNCTION = YES;
				GCC_WARN_UNUSED_VARIABLE = YES;
				IPHONEOS_DEPLOYMENT_TARGET = 9.2;
				MTL_ENABLE_DEBUG_INFO = NO;
				SDKROOT = iphoneos;
				TARGETED_DEVICE_FAMILY = "1,2";
				VALIDATE_PRODUCT = YES;
			};
			name = Release;
		};
		62FDF6A31C0FAD4D003A1050 /* Debug */ = {
			isa = XCBuildConfiguration;
			buildSettings = {
				ASSETCATALOG_COMPILER_APPICON_NAME = AppIcon;
				INFOPLIST_FILE = traits/Info.plist;
				IPHONEOS_DEPLOYMENT_TARGET = 8.1;
				LD_RUNPATH_SEARCH_PATHS = "$(inherited) @executable_path/Frameworks";
				PRODUCT_BUNDLE_IDENTIFIER = com.bonejarring.traits;
				PRODUCT_NAME = "$(TARGET_NAME)";
			};
			name = Debug;
		};
		62FDF6A41C0FAD4D003A1050 /* Release */ = {
			isa = XCBuildConfiguration;
			buildSettings = {
				ASSETCATALOG_COMPILER_APPICON_NAME = AppIcon;
				INFOPLIST_FILE = traits/Info.plist;
				IPHONEOS_DEPLOYMENT_TARGET = 8.1;
				LD_RUNPATH_SEARCH_PATHS = "$(inherited) @executable_path/Frameworks";
				PRODUCT_BUNDLE_IDENTIFIER = com.bonejarring.traits;
				PRODUCT_NAME = "$(TARGET_NAME)";
			};
			name = Release;
		};
		62FDF6A61C0FAD4D003A1050 /* Debug */ = {
			isa = XCBuildConfiguration;
			buildSettings = {
				BUNDLE_LOADER = "$(TEST_HOST)";
				INFOPLIST_FILE = traitsTests/Info.plist;
				LD_RUNPATH_SEARCH_PATHS = "$(inherited) @executable_path/Frameworks @loader_path/Frameworks";
				PRODUCT_BUNDLE_IDENTIFIER = com.bonejarring.traitsTests;
				PRODUCT_NAME = "$(TARGET_NAME)";
				TEST_HOST = "$(BUILT_PRODUCTS_DIR)/traits.app/traits";
			};
			name = Debug;
		};
		62FDF6A71C0FAD4D003A1050 /* Release */ = {
			isa = XCBuildConfiguration;
			buildSettings = {
				BUNDLE_LOADER = "$(TEST_HOST)";
				INFOPLIST_FILE = traitsTests/Info.plist;
				LD_RUNPATH_SEARCH_PATHS = "$(inherited) @executable_path/Frameworks @loader_path/Frameworks";
				PRODUCT_BUNDLE_IDENTIFIER = com.bonejarring.traitsTests;
				PRODUCT_NAME = "$(TARGET_NAME)";
				TEST_HOST = "$(BUILT_PRODUCTS_DIR)/traits.app/traits";
			};
			name = Release;
		};
		62FDF6A91C0FAD4D003A1050 /* Debug */ = {
			isa = XCBuildConfiguration;
			buildSettings = {
				INFOPLIST_FILE = traitsUITests/Info.plist;
				LD_RUNPATH_SEARCH_PATHS = "$(inherited) @executable_path/Frameworks @loader_path/Frameworks";
				PRODUCT_BUNDLE_IDENTIFIER = com.bonejarring.traitsUITests;
				PRODUCT_NAME = "$(TARGET_NAME)";
				TEST_TARGET_NAME = traits;
				USES_XCTRUNNER = YES;
			};
			name = Debug;
		};
		62FDF6AA1C0FAD4D003A1050 /* Release */ = {
			isa = XCBuildConfiguration;
			buildSettings = {
				INFOPLIST_FILE = traitsUITests/Info.plist;
				LD_RUNPATH_SEARCH_PATHS = "$(inherited) @executable_path/Frameworks @loader_path/Frameworks";
				PRODUCT_BUNDLE_IDENTIFIER = com.bonejarring.traitsUITests;
				PRODUCT_NAME = "$(TARGET_NAME)";
				TEST_TARGET_NAME = traits;
				USES_XCTRUNNER = YES;
			};
			name = Release;
		};
/* End XCBuildConfiguration section */

/* Begin XCConfigurationList section */
		62FDF6721C0FAD4C003A1050 /* Build configuration list for PBXProject "traits" */ = {
			isa = XCConfigurationList;
			buildConfigurations = (
				62FDF6A01C0FAD4D003A1050 /* Debug */,
				62FDF6A11C0FAD4D003A1050 /* Release */,
			);
			defaultConfigurationIsVisible = 0;
			defaultConfigurationName = Release;
		};
		62FDF6A21C0FAD4D003A1050 /* Build configuration list for PBXNativeTarget "traits" */ = {
			isa = XCConfigurationList;
			buildConfigurations = (
				62FDF6A31C0FAD4D003A1050 /* Debug */,
				62FDF6A41C0FAD4D003A1050 /* Release */,
			);
			defaultConfigurationIsVisible = 0;
			defaultConfigurationName = Release;
		};
		62FDF6A51C0FAD4D003A1050 /* Build configuration list for PBXNativeTarget "traitsTests" */ = {
			isa = XCConfigurationList;
			buildConfigurations = (
				62FDF6A61C0FAD4D003A1050 /* Debug */,
				62FDF6A71C0FAD4D003A1050 /* Release */,
			);
			defaultConfigurationIsVisible = 0;
			defaultConfigurationName = Release;
		};
		62FDF6A81C0FAD4D003A1050 /* Build configuration list for PBXNativeTarget "traitsUITests" */ = {
			isa = XCConfigurationList;
			buildConfigurations = (
				62FDF6A91C0FAD4D003A1050 /* Debug */,
				62FDF6AA1C0FAD4D003A1050 /* Release */,
			);
			defaultConfigurationIsVisible = 0;
			defaultConfigurationName = Release;
		};
/* End XCConfigurationList section */

/* Begin XCVersionGroup section */
		62FDF6811C0FAD4C003A1050 /* traits.xcdatamodeld */ = {
			isa = XCVersionGroup;
			children = (
				62FDF6821C0FAD4C003A1050 /* traits.xcdatamodel */,
			);
			currentVersion = 62FDF6821C0FAD4C003A1050 /* traits.xcdatamodel */;
			path = traits.xcdatamodeld;
			sourceTree = "<group>";
			versionGroupType = wrapper.xcdatamodel;
		};
/* End XCVersionGroup section */
	};
	rootObject = 62FDF66F1C0FAD4C003A1050 /* Project object */;
}
